# THIS IS AN AUTOGENERATED FILE. DO NOT EDIT THIS FILE DIRECTLY.
# yarn lockfile v1


exec-sh@^0.4.0:
  version "0.4.0"
  resolved "https://registry.yarnpkg.com/exec-sh/-/exec-sh-0.4.0.tgz#0f4ae8c36d166bae80e5c69aba0793d80c3488d5"
  integrity sha512-BgAFra+J+hK/wquyWchMiqgaxSv1ec2c+//DRSePlF3NLx/tBOmkIkJEc1hWrX4Yis3tzxgv1+FiFs/mmucs/g==
